
Microsoft Visual Studio Solution File, Format Version 12.00
# Visual Studio Version 17
VisualStudioVersion = 17.11.35222.181
MinimumVisualStudioVersion = 10.0.40219.1
Project("{FAE04EC0-301F-11D3-BF4B-00C04F79EFBC}") = "PRQueue", "PRQueue\PRQueue.csproj", "{1E0FE257-3D86-4E46-AEBB-F1B8D27FDCFD}"
EndProject
Global
	GlobalSection(SolutionConfigurationPlatforms) = preSolution
		Debug|Any CPU = Debug|Any CPU
		Release|Any CPU = Release|Any CPU
	EndGlobalSection
	GlobalSection(ProjectConfigurationPlatforms) = postSolution
		{1E0FE257-3D86-4E46-AEBB-F1B8D27FDCFD}.Debug|Any CPU.ActiveCfg = Debug|Any CPU
		{1E0FE257-3D86-4E46-AEBB-F1B8D27FDCFD}.Debug|Any CPU.Build.0 = Debug|Any CPU
		{1E0FE257-3D86-4E46-AEBB-F1B8D27FDCFD}.Release|Any CPU.ActiveCfg = Release|Any CPU
		{1E0FE257-3D86-4E46-AEBB-F1B8D27FDCFD}.Release|Any CPU.Build.0 = Release|Any CPU
	EndGlobalSection
	GlobalSection(SolutionProperties) = preSolution
		HideSolutionNode = FALSE
	EndGlobalSection
	GlobalSection(ExtensibilityGlobals) = postSolution
		SolutionGuid = {77881F67-0DFF-416F-9FE2-DF9E1EBAB131}
	EndGlobalSection
EndGlobal
